
Microsoft Visual Studio Solution File, Format Version 12.00
# Visual Studio Version 17
VisualStudioVersion = 17.0.31808.319
MinimumVisualStudioVersion = 10.0.40219.1
Project("{FAE04EC0-301F-11D3-BF4B-00C04F79EFBC}") = "Synovian Character Maker", "Synovian Character Maker\Synovian Character Maker.csproj", "{1AE2C328-AF45-41F8-9D6A-98895AB9A6AA}"
EndProject
Project("{FAE04EC0-301F-11D3-BF4B-00C04F79EFBC}") = "DataClasses", "DataClasses\DataClasses.csproj", "{D27398EE-3FE6-4C53-9316-85788DA9E301}"
EndProject
Project("{FAE04EC0-301F-11D3-BF4B-00C04F79EFBC}") = "Calculator", "Calculator\Calculator.csproj", "{A75E279D-8103-40FC-AD85-A66EA0BE7CEB}"
EndProject
Global
	GlobalSection(SolutionConfigurationPlatforms) = preSolution
		Debug|Any CPU = Debug|Any CPU
		Debug|x64 = Debug|x64
		Debug|x86 = Debug|x86
		NewVersion|Any CPU = NewVersion|Any CPU
		NewVersion|x64 = NewVersion|x64
		NewVersion|x86 = NewVersion|x86
		Release|Any CPU = Release|Any CPU
		Release|x64 = Release|x64
		Release|x86 = Release|x86
	EndGlobalSection
	GlobalSection(ProjectConfigurationPlatforms) = postSolution
		{1AE2C328-AF45-41F8-9D6A-98895AB9A6AA}.Debug|Any CPU.ActiveCfg = Debug|Any CPU
		{1AE2C328-AF45-41F8-9D6A-98895AB9A6AA}.Debug|Any CPU.Build.0 = Debug|Any CPU
		{1AE2C328-AF45-41F8-9D6A-98895AB9A6AA}.Debug|x64.ActiveCfg = Debug|Any CPU
		{1AE2C328-AF45-41F8-9D6A-98895AB9A6AA}.Debug|x64.Build.0 = Debug|Any CPU
		{1AE2C328-AF45-41F8-9D6A-98895AB9A6AA}.Debug|x86.ActiveCfg = Debug|Any CPU
		{1AE2C328-AF45-41F8-9D6A-98895AB9A6AA}.Debug|x86.Build.0 = Debug|Any CPU
		{1AE2C328-AF45-41F8-9D6A-98895AB9A6AA}.NewVersion|Any CPU.ActiveCfg = NewVersion|Any CPU
		{1AE2C328-AF45-41F8-9D6A-98895AB9A6AA}.NewVersion|Any CPU.Build.0 = NewVersion|Any CPU
		{1AE2C328-AF45-41F8-9D6A-98895AB9A6AA}.NewVersion|x64.ActiveCfg = NewVersion|Any CPU
		{1AE2C328-AF45-41F8-9D6A-98895AB9A6AA}.NewVersion|x64.Build.0 = NewVersion|Any CPU
		{1AE2C328-AF45-41F8-9D6A-98895AB9A6AA}.NewVersion|x86.ActiveCfg = NewVersion|Any CPU
		{1AE2C328-AF45-41F8-9D6A-98895AB9A6AA}.NewVersion|x86.Build.0 = NewVersion|Any CPU
		{1AE2C328-AF45-41F8-9D6A-98895AB9A6AA}.Release|Any CPU.ActiveCfg = Release|Any CPU
		{1AE2C328-AF45-41F8-9D6A-98895AB9A6AA}.Release|Any CPU.Build.0 = Release|Any CPU
		{1AE2C328-AF45-41F8-9D6A-98895AB9A6AA}.Release|x64.ActiveCfg = Release|Any CPU
		{1AE2C328-AF45-41F8-9D6A-98895AB9A6AA}.Release|x64.Build.0 = Release|Any CPU
		{1AE2C328-AF45-41F8-9D6A-98895AB9A6AA}.Release|x86.ActiveCfg = Release|Any CPU
		{1AE2C328-AF45-41F8-9D6A-98895AB9A6AA}.Release|x86.Build.0 = Release|Any CPU
		{D27398EE-3FE6-4C53-9316-85788DA9E301}.Debug|Any CPU.ActiveCfg = Debug|Any CPU
		{D27398EE-3FE6-4C53-9316-85788DA9E301}.Debug|Any CPU.Build.0 = Debug|Any CPU
		{D27398EE-3FE6-4C53-9316-85788DA9E301}.Debug|x64.ActiveCfg = Debug|Any CPU
		{D27398EE-3FE6-4C53-9316-85788DA9E301}.Debug|x64.Build.0 = Debug|Any CPU
		{D27398EE-3FE6-4C53-9316-85788DA9E301}.Debug|x86.ActiveCfg = Debug|Any CPU
		{D27398EE-3FE6-4C53-9316-85788DA9E301}.Debug|x86.Build.0 = Debug|Any CPU
		{D27398EE-3FE6-4C53-9316-85788DA9E301}.NewVersion|Any CPU.ActiveCfg = Debug|Any CPU
		{D27398EE-3FE6-4C53-9316-85788DA9E301}.NewVersion|Any CPU.Build.0 = Debug|Any CPU
		{D27398EE-3FE6-4C53-9316-85788DA9E301}.NewVersion|x64.ActiveCfg = Debug|Any CPU
		{D27398EE-3FE6-4C53-9316-85788DA9E301}.NewVersion|x64.Build.0 = Debug|Any CPU
		{D27398EE-3FE6-4C53-9316-85788DA9E301}.NewVersion|x86.ActiveCfg = Debug|Any CPU
		{D27398EE-3FE6-4C53-9316-85788DA9E301}.NewVersion|x86.Build.0 = Debug|Any CPU
		{D27398EE-3FE6-4C53-9316-85788DA9E301}.Release|Any CPU.ActiveCfg = Release|Any CPU
		{D27398EE-3FE6-4C53-9316-85788DA9E301}.Release|Any CPU.Build.0 = Release|Any CPU
		{D27398EE-3FE6-4C53-9316-85788DA9E301}.Release|x64.ActiveCfg = Release|Any CPU
		{D27398EE-3FE6-4C53-9316-85788DA9E301}.Release|x64.Build.0 = Release|Any CPU
		{D27398EE-3FE6-4C53-9316-85788DA9E301}.Release|x86.ActiveCfg = Release|Any CPU
		{D27398EE-3FE6-4C53-9316-85788DA9E301}.Release|x86.Build.0 = Release|Any CPU
		{A75E279D-8103-40FC-AD85-A66EA0BE7CEB}.Debug|Any CPU.ActiveCfg = Debug|Any CPU
		{A75E279D-8103-40FC-AD85-A66EA0BE7CEB}.Debug|Any CPU.Build.0 = Debug|Any CPU
		{A75E279D-8103-40FC-AD85-A66EA0BE7CEB}.Debug|x64.ActiveCfg = Debug|Any CPU
		{A75E279D-8103-40FC-AD85-A66EA0BE7CEB}.Debug|x64.Build.0 = Debug|Any CPU
		{A75E279D-8103-40FC-AD85-A66EA0BE7CEB}.Debug|x86.ActiveCfg = Debug|Any CPU
		{A75E279D-8103-40FC-AD85-A66EA0BE7CEB}.Debug|x86.Build.0 = Debug|Any CPU
		{A75E279D-8103-40FC-AD85-A66EA0BE7CEB}.NewVersion|Any CPU.ActiveCfg = Debug|Any CPU
		{A75E279D-8103-40FC-AD85-A66EA0BE7CEB}.NewVersion|Any CPU.Build.0 = Debug|Any CPU
		{A75E279D-8103-40FC-AD85-A66EA0BE7CEB}.NewVersion|x64.ActiveCfg = Debug|Any CPU
		{A75E279D-8103-40FC-AD85-A66EA0BE7CEB}.NewVersion|x64.Build.0 = Debug|Any CPU
		{A75E279D-8103-40FC-AD85-A66EA0BE7CEB}.NewVersion|x86.ActiveCfg = Debug|Any CPU
		{A75E279D-8103-40FC-AD85-A66EA0BE7CEB}.NewVersion|x86.Build.0 = Debug|Any CPU
		{A75E279D-8103-40FC-AD85-A66EA0BE7CEB}.Release|Any CPU.ActiveCfg = Release|Any CPU
		{A75E279D-8103-40FC-AD85-A66EA0BE7CEB}.Release|Any CPU.Build.0 = Release|Any CPU
		{A75E279D-8103-40FC-AD85-A66EA0BE7CEB}.Release|x64.ActiveCfg = Release|Any CPU
		{A75E279D-8103-40FC-AD85-A66EA0BE7CEB}.Release|x64.Build.0 = Release|Any CPU
		{A75E279D-8103-40FC-AD85-A66EA0BE7CEB}.Release|x86.ActiveCfg = Release|Any CPU
		{A75E279D-8103-40FC-AD85-A66EA0BE7CEB}.Release|x86.Build.0 = Release|Any CPU
	EndGlobalSection
	GlobalSection(SolutionProperties) = preSolution
		HideSolutionNode = FALSE
	EndGlobalSection
	GlobalSection(ExtensibilityGlobals) = postSolution
		SolutionGuid = {4EDA7A2F-0BB5-4095-8844-5B088A4BD4B7}
	EndGlobalSection
EndGlobal
