
Microsoft Visual Studio Solution File, Format Version 12.00
# Visual Studio Version 16
VisualStudioVersion = 16.0.30503.244
MinimumVisualStudioVersion = 10.0.40219.1
Project("{FAE04EC0-301F-11D3-BF4B-00C04F79EFBC}") = "Synovian Character Maker", "Synovian Character Maker\Synovian Character Maker.csproj", "{1AE2C328-AF45-41F8-9D6A-98895AB9A6AA}"
EndProject
Project("{54435603-DBB4-11D2-8724-00A0C9A8B90C}") = "InstallationWizard", "InstallationWizard\InstallationWizard.vdproj", "{2DEFE69C-6018-4A83-B4A9-AE6C4E0CA4EF}"
EndProject
Project("{9A19103F-16F7-4668-BE54-9A1E7A4F7556}") = "GoogleAPI", "GoogleDriveTest\GoogleDrive\GoogleAPI.csproj", "{76CD5B27-5F28-43E9-BA7D-D5057D35D132}"
EndProject
Global
	GlobalSection(SolutionConfigurationPlatforms) = preSolution
		Debug|Any CPU = Debug|Any CPU
		Debug|x64 = Debug|x64
		Debug|x86 = Debug|x86
		Release|Any CPU = Release|Any CPU
		Release|x64 = Release|x64
		Release|x86 = Release|x86
	EndGlobalSection
	GlobalSection(ProjectConfigurationPlatforms) = postSolution
		{1AE2C328-AF45-41F8-9D6A-98895AB9A6AA}.Debug|Any CPU.ActiveCfg = Debug|Any CPU
		{1AE2C328-AF45-41F8-9D6A-98895AB9A6AA}.Debug|Any CPU.Build.0 = Debug|Any CPU
		{1AE2C328-AF45-41F8-9D6A-98895AB9A6AA}.Debug|x64.ActiveCfg = Debug|Any CPU
		{1AE2C328-AF45-41F8-9D6A-98895AB9A6AA}.Debug|x64.Build.0 = Debug|Any CPU
		{1AE2C328-AF45-41F8-9D6A-98895AB9A6AA}.Debug|x86.ActiveCfg = Debug|Any CPU
		{1AE2C328-AF45-41F8-9D6A-98895AB9A6AA}.Debug|x86.Build.0 = Debug|Any CPU
		{1AE2C328-AF45-41F8-9D6A-98895AB9A6AA}.Release|Any CPU.ActiveCfg = Release|Any CPU
		{1AE2C328-AF45-41F8-9D6A-98895AB9A6AA}.Release|Any CPU.Build.0 = Release|Any CPU
		{1AE2C328-AF45-41F8-9D6A-98895AB9A6AA}.Release|x64.ActiveCfg = Release|Any CPU
		{1AE2C328-AF45-41F8-9D6A-98895AB9A6AA}.Release|x64.Build.0 = Release|Any CPU
		{1AE2C328-AF45-41F8-9D6A-98895AB9A6AA}.Release|x86.ActiveCfg = Release|Any CPU
		{1AE2C328-AF45-41F8-9D6A-98895AB9A6AA}.Release|x86.Build.0 = Release|Any CPU
		{2DEFE69C-6018-4A83-B4A9-AE6C4E0CA4EF}.Debug|Any CPU.ActiveCfg = Debug
		{2DEFE69C-6018-4A83-B4A9-AE6C4E0CA4EF}.Debug|x64.ActiveCfg = Debug
		{2DEFE69C-6018-4A83-B4A9-AE6C4E0CA4EF}.Debug|x64.Build.0 = Debug
		{2DEFE69C-6018-4A83-B4A9-AE6C4E0CA4EF}.Debug|x86.ActiveCfg = Debug
		{2DEFE69C-6018-4A83-B4A9-AE6C4E0CA4EF}.Debug|x86.Build.0 = Debug
		{2DEFE69C-6018-4A83-B4A9-AE6C4E0CA4EF}.Release|Any CPU.ActiveCfg = Release
		{2DEFE69C-6018-4A83-B4A9-AE6C4E0CA4EF}.Release|x64.ActiveCfg = Release
		{2DEFE69C-6018-4A83-B4A9-AE6C4E0CA4EF}.Release|x64.Build.0 = Release
		{2DEFE69C-6018-4A83-B4A9-AE6C4E0CA4EF}.Release|x86.ActiveCfg = Release
		{2DEFE69C-6018-4A83-B4A9-AE6C4E0CA4EF}.Release|x86.Build.0 = Release
		{76CD5B27-5F28-43E9-BA7D-D5057D35D132}.Debug|Any CPU.ActiveCfg = Debug|Any CPU
		{76CD5B27-5F28-43E9-BA7D-D5057D35D132}.Debug|Any CPU.Build.0 = Debug|Any CPU
		{76CD5B27-5F28-43E9-BA7D-D5057D35D132}.Debug|x64.ActiveCfg = Debug|Any CPU
		{76CD5B27-5F28-43E9-BA7D-D5057D35D132}.Debug|x64.Build.0 = Debug|Any CPU
		{76CD5B27-5F28-43E9-BA7D-D5057D35D132}.Debug|x86.ActiveCfg = Debug|Any CPU
		{76CD5B27-5F28-43E9-BA7D-D5057D35D132}.Debug|x86.Build.0 = Debug|Any CPU
		{76CD5B27-5F28-43E9-BA7D-D5057D35D132}.Release|Any CPU.ActiveCfg = Release|Any CPU
		{76CD5B27-5F28-43E9-BA7D-D5057D35D132}.Release|Any CPU.Build.0 = Release|Any CPU
		{76CD5B27-5F28-43E9-BA7D-D5057D35D132}.Release|x64.ActiveCfg = Release|Any CPU
		{76CD5B27-5F28-43E9-BA7D-D5057D35D132}.Release|x64.Build.0 = Release|Any CPU
		{76CD5B27-5F28-43E9-BA7D-D5057D35D132}.Release|x86.ActiveCfg = Release|Any CPU
		{76CD5B27-5F28-43E9-BA7D-D5057D35D132}.Release|x86.Build.0 = Release|Any CPU
	EndGlobalSection
	GlobalSection(SolutionProperties) = preSolution
		HideSolutionNode = FALSE
	EndGlobalSection
	GlobalSection(ExtensibilityGlobals) = postSolution
		SolutionGuid = {4EDA7A2F-0BB5-4095-8844-5B088A4BD4B7}
	EndGlobalSection
EndGlobal
